{
  "name": "snabb",
  "lockfileVersion": 3,
  "requires": true,
  "packages": {
    "": {
      "dependencies": {
        "opentype.js": "^1.3.5"
      }
    },
    "node_modules/opentype.js": {
      "version": "1.3.5",
      "resolved": "https://registry.npmjs.org/opentype.js/-/opentype.js-1.3.5.tgz",
      "integrity": "sha512-thKDiELidAApOvXlncrpwDZKJCa9fXLEKM4+FoEWI+qTLDeNb+h7EkN+8a7KQODsB1GZ+Exz9KknkoPrEdXZDw==",
      "license": "MIT",
      "bin": {
        "ot": "bin/ot"
      }
    }
  }
}
